
Microsoft Visual Studio Solution File, Format Version 11.00
# Visual Studio 2010
Project("{FAE04EC0-301F-11D3-BF4B-00C04F79EFBC}") = "Assembly-CSharp", "Assembly-CSharp.csproj", "{16BA9020-687B-A890-0FAF-132E81A5D868}"
EndProject
Project("{FAE04EC0-301F-11D3-BF4B-00C04F79EFBC}") = "Assembly-CSharp-Editor", "Assembly-CSharp-Editor.csproj", "{148B56A7-655F-28D1-DE1D-805CCE293807}"
EndProject
Global
	GlobalSection(SolutionConfigurationPlatforms) = preSolution
		Debug|Any CPU = Debug|Any CPU
		Release|Any CPU = Release|Any CPU
	EndGlobalSection
	GlobalSection(ProjectConfigurationPlatforms) = postSolution
		{16BA9020-687B-A890-0FAF-132E81A5D868}.Debug|Any CPU.ActiveCfg = Debug|Any CPU
		{16BA9020-687B-A890-0FAF-132E81A5D868}.Debug|Any CPU.Build.0 = Debug|Any CPU
		{16BA9020-687B-A890-0FAF-132E81A5D868}.Release|Any CPU.ActiveCfg = Release|Any CPU
		{16BA9020-687B-A890-0FAF-132E81A5D868}.Release|Any CPU.Build.0 = Release|Any CPU
		{148B56A7-655F-28D1-DE1D-805CCE293807}.Debug|Any CPU.ActiveCfg = Debug|Any CPU
		{148B56A7-655F-28D1-DE1D-805CCE293807}.Debug|Any CPU.Build.0 = Debug|Any CPU
		{148B56A7-655F-28D1-DE1D-805CCE293807}.Release|Any CPU.ActiveCfg = Release|Any CPU
		{148B56A7-655F-28D1-DE1D-805CCE293807}.Release|Any CPU.Build.0 = Release|Any CPU
	EndGlobalSection
	GlobalSection(SolutionProperties) = preSolution
		HideSolutionNode = FALSE
	EndGlobalSection
EndGlobal
